
Microsoft Visual Studio Solution File, Format Version 12.00
# Visual Studio Version 16
VisualStudioVersion = 16.0.28527.54
MinimumVisualStudioVersion = 10.0.40219.1
Project("{2150E333-8FDC-42A3-9474-1A3956D46DE8}") = "Infrastructure", "Infrastructure", "{A68EA86E-B866-4680-85F3-E013E1AE0AA1}"
EndProject
Project("{2150E333-8FDC-42A3-9474-1A3956D46DE8}") = "ProductSearchService", "ProductSearchService", "{D43C717F-06EC-44CC-B76D-45104936929D}"
EndProject
Project("{9A19103F-16F7-4668-BE54-9A1E7A4F7556}") = "ProductSearchService.API", "ProductSearchService\ProductSearchService.API\ProductSearchService.API.csproj", "{21CA8130-A028-4AA2-AFDC-BF016F85781A}"
EndProject
Project("{2150E333-8FDC-42A3-9474-1A3956D46DE8}") = "Solution Items", "Solution Items", "{F0F2B1EB-CD42-4C78-8944-AF109C5395ED}"
	ProjectSection(SolutionItems) = preProject
		docker-compose.yml = docker-compose.yml
	EndProjectSection
EndProject
Project("{FAE04EC0-301F-11D3-BF4B-00C04F79EFBC}") = "Infrastructure.Messaging", "Infrastructure.Messaging\Infrastructure.Messaging.csproj", "{6AC3D6B4-0100-4BCF-ABA8-E2A4900D4474}"
EndProject
Global
	GlobalSection(SolutionConfigurationPlatforms) = preSolution
		Debug|Any CPU = Debug|Any CPU
		Release|Any CPU = Release|Any CPU
	EndGlobalSection
	GlobalSection(ProjectConfigurationPlatforms) = postSolution
		{21CA8130-A028-4AA2-AFDC-BF016F85781A}.Debug|Any CPU.ActiveCfg = Debug|Any CPU
		{21CA8130-A028-4AA2-AFDC-BF016F85781A}.Debug|Any CPU.Build.0 = Debug|Any CPU
		{21CA8130-A028-4AA2-AFDC-BF016F85781A}.Release|Any CPU.ActiveCfg = Release|Any CPU
		{21CA8130-A028-4AA2-AFDC-BF016F85781A}.Release|Any CPU.Build.0 = Release|Any CPU
		{6AC3D6B4-0100-4BCF-ABA8-E2A4900D4474}.Debug|Any CPU.ActiveCfg = Debug|Any CPU
		{6AC3D6B4-0100-4BCF-ABA8-E2A4900D4474}.Debug|Any CPU.Build.0 = Debug|Any CPU
		{6AC3D6B4-0100-4BCF-ABA8-E2A4900D4474}.Release|Any CPU.ActiveCfg = Release|Any CPU
		{6AC3D6B4-0100-4BCF-ABA8-E2A4900D4474}.Release|Any CPU.Build.0 = Release|Any CPU
	EndGlobalSection
	GlobalSection(SolutionProperties) = preSolution
		HideSolutionNode = FALSE
	EndGlobalSection
	GlobalSection(NestedProjects) = preSolution
		{21CA8130-A028-4AA2-AFDC-BF016F85781A} = {D43C717F-06EC-44CC-B76D-45104936929D}
		{6AC3D6B4-0100-4BCF-ABA8-E2A4900D4474} = {A68EA86E-B866-4680-85F3-E013E1AE0AA1}
	EndGlobalSection
	GlobalSection(ExtensibilityGlobals) = postSolution
		SolutionGuid = {08C11124-2FE1-4121-B48F-04F341ADAF93}
	EndGlobalSection
EndGlobal
